// !$*UTF8*$!
{
	archiveVersion = 1;
	classes = {
	};
	objectVersion = 56;
	objects = {

/* Begin PBXBuildFile section */
		847CBF5B2C4FCA7D009A0B93 /* AppDelegate.swift in Sources */ = {isa = PBXBuildFile; fileRef = 847CBF5A2C4FCA7D009A0B93 /* AppDelegate.swift */; };
		847CBF5D2C4FCA7D009A0B93 /* SceneDelegate.swift in Sources */ = {isa = PBXBuildFile; fileRef = 847CBF5C2C4FCA7D009A0B93 /* SceneDelegate.swift */; };
		847CBF5F2C4FCA7D009A0B93 /* ViewController.swift in Sources */ = {isa = PBXBuildFile; fileRef = 847CBF5E2C4FCA7D009A0B93 /* ViewController.swift */; };
		847CBF622C4FCA7D009A0B93 /* Base in Resources */ = {isa = PBXBuildFile; fileRef = 847CBF612C4FCA7D009A0B93 /* Base */; };
		847CBF642C4FCA80009A0B93 /* Assets.xcassets in Resources */ = {isa = PBXBuildFile; fileRef = 847CBF632C4FCA80009A0B93 /* Assets.xcassets */; };
		847CBF672C4FCA80009A0B93 /* Base in Resources */ = {isa = PBXBuildFile; fileRef = 847CBF662C4FCA80009A0B93 /* Base */; };
		847CBF722C4FCA81009A0B93 /* SephoraTestTests.swift in Sources */ = {isa = PBXBuildFile; fileRef = 847CBF712C4FCA81009A0B93 /* SephoraTestTests.swift */; };
		847CBF7C2C4FCA81009A0B93 /* SephoraTestUITests.swift in Sources */ = {isa = PBXBuildFile; fileRef = 847CBF7B2C4FCA81009A0B93 /* SephoraTestUITests.swift */; };
		847CBF7E2C4FCA81009A0B93 /* SephoraTestUITestsLaunchTests.swift in Sources */ = {isa = PBXBuildFile; fileRef = 847CBF7D2C4FCA81009A0B93 /* SephoraTestUITestsLaunchTests.swift */; };
		847CBF962C4FE0A9009A0B93 /* Product.swift in Sources */ = {isa = PBXBuildFile; fileRef = 847CBF952C4FE0A9009A0B93 /* Product.swift */; };
		847CBF9A2C4FE4ED009A0B93 /* ProductListViewController.swift in Sources */ = {isa = PBXBuildFile; fileRef = 847CBF992C4FE4ED009A0B93 /* ProductListViewController.swift */; };
		847CBF9D2C4FE646009A0B93 /* Endpoint.swift in Sources */ = {isa = PBXBuildFile; fileRef = 847CBF9C2C4FE646009A0B93 /* Endpoint.swift */; };
		847CBFA02C4FE8FF009A0B93 /* ProductEndpoint.swift in Sources */ = {isa = PBXBuildFile; fileRef = 847CBF9F2C4FE8FF009A0B93 /* ProductEndpoint.swift */; };
		847CBFA22C4FE945009A0B93 /* APIConstants.swift in Sources */ = {isa = PBXBuildFile; fileRef = 847CBFA12C4FE945009A0B93 /* APIConstants.swift */; };
		847CBFA52C4FED55009A0B93 /* API.swift in Sources */ = {isa = PBXBuildFile; fileRef = 847CBFA42C4FED55009A0B93 /* API.swift */; };
		847CBFA82C4FEEFE009A0B93 /* ProductService.swift in Sources */ = {isa = PBXBuildFile; fileRef = 847CBFA72C4FEEFE009A0B93 /* ProductService.swift */; };
		847CBFAA2C4FEFBB009A0B93 /* ProductListViewModel.swift in Sources */ = {isa = PBXBuildFile; fileRef = 847CBFA92C4FEFBB009A0B93 /* ProductListViewModel.swift */; };
/* End PBXBuildFile section */

/* Begin PBXContainerItemProxy section */
		847CBF6E2C4FCA81009A0B93 /* PBXContainerItemProxy */ = {
			isa = PBXContainerItemProxy;
			containerPortal = 847CBF4F2C4FCA7D009A0B93 /* Project object */;
			proxyType = 1;
			remoteGlobalIDString = 847CBF562C4FCA7D009A0B93;
			remoteInfo = SephoraTest;
		};
		847CBF782C4FCA81009A0B93 /* PBXContainerItemProxy */ = {
			isa = PBXContainerItemProxy;
			containerPortal = 847CBF4F2C4FCA7D009A0B93 /* Project object */;
			proxyType = 1;
			remoteGlobalIDString = 847CBF562C4FCA7D009A0B93;
			remoteInfo = SephoraTest;
		};
/* End PBXContainerItemProxy section */

/* Begin PBXFileReference section */
		847CBF572C4FCA7D009A0B93 /* SephoraTest.app */ = {isa = PBXFileReference; explicitFileType = wrapper.application; includeInIndex = 0; path = SephoraTest.app; sourceTree = BUILT_PRODUCTS_DIR; };
		847CBF5A2C4FCA7D009A0B93 /* AppDelegate.swift */ = {isa = PBXFileReference; lastKnownFileType = sourcecode.swift; path = AppDelegate.swift; sourceTree = "<group>"; };
		847CBF5C2C4FCA7D009A0B93 /* SceneDelegate.swift */ = {isa = PBXFileReference; lastKnownFileType = sourcecode.swift; path = SceneDelegate.swift; sourceTree = "<group>"; };
		847CBF5E2C4FCA7D009A0B93 /* ViewController.swift */ = {isa = PBXFileReference; lastKnownFileType = sourcecode.swift; path = ViewController.swift; sourceTree = "<group>"; };
		847CBF612C4FCA7D009A0B93 /* Base */ = {isa = PBXFileReference; lastKnownFileType = file.storyboard; name = Base; path = Base.lproj/Main.storyboard; sourceTree = "<group>"; };
		847CBF632C4FCA80009A0B93 /* Assets.xcassets */ = {isa = PBXFileReference; lastKnownFileType = folder.assetcatalog; path = Assets.xcassets; sourceTree = "<group>"; };
		847CBF662C4FCA80009A0B93 /* Base */ = {isa = PBXFileReference; lastKnownFileType = file.storyboard; name = Base; path = Base.lproj/LaunchScreen.storyboard; sourceTree = "<group>"; };
		847CBF682C4FCA80009A0B93 /* Info.plist */ = {isa = PBXFileReference; lastKnownFileType = text.plist.xml; path = Info.plist; sourceTree = "<group>"; };
		847CBF6D2C4FCA81009A0B93 /* SephoraTestTests.xctest */ = {isa = PBXFileReference; explicitFileType = wrapper.cfbundle; includeInIndex = 0; path = SephoraTestTests.xctest; sourceTree = BUILT_PRODUCTS_DIR; };
		847CBF712C4FCA81009A0B93 /* SephoraTestTests.swift */ = {isa = PBXFileReference; lastKnownFileType = sourcecode.swift; path = SephoraTestTests.swift; sourceTree = "<group>"; };
		847CBF772C4FCA81009A0B93 /* SephoraTestUITests.xctest */ = {isa = PBXFileReference; explicitFileType = wrapper.cfbundle; includeInIndex = 0; path = SephoraTestUITests.xctest; sourceTree = BUILT_PRODUCTS_DIR; };
		847CBF7B2C4FCA81009A0B93 /* SephoraTestUITests.swift */ = {isa = PBXFileReference; lastKnownFileType = sourcecode.swift; path = SephoraTestUITests.swift; sourceTree = "<group>"; };
		847CBF7D2C4FCA81009A0B93 /* SephoraTestUITestsLaunchTests.swift */ = {isa = PBXFileReference; lastKnownFileType = sourcecode.swift; path = SephoraTestUITestsLaunchTests.swift; sourceTree = "<group>"; };
		847CBF952C4FE0A9009A0B93 /* Product.swift */ = {isa = PBXFileReference; lastKnownFileType = sourcecode.swift; path = Product.swift; sourceTree = "<group>"; };
		847CBF992C4FE4ED009A0B93 /* ProductListViewController.swift */ = {isa = PBXFileReference; lastKnownFileType = sourcecode.swift; path = ProductListViewController.swift; sourceTree = "<group>"; };
		847CBF9C2C4FE646009A0B93 /* Endpoint.swift */ = {isa = PBXFileReference; lastKnownFileType = sourcecode.swift; path = Endpoint.swift; sourceTree = "<group>"; };
		847CBF9F2C4FE8FF009A0B93 /* ProductEndpoint.swift */ = {isa = PBXFileReference; lastKnownFileType = sourcecode.swift; path = ProductEndpoint.swift; sourceTree = "<group>"; };
		847CBFA12C4FE945009A0B93 /* APIConstants.swift */ = {isa = PBXFileReference; lastKnownFileType = sourcecode.swift; path = APIConstants.swift; sourceTree = "<group>"; };
		847CBFA42C4FED55009A0B93 /* API.swift */ = {isa = PBXFileReference; lastKnownFileType = sourcecode.swift; path = API.swift; sourceTree = "<group>"; };
		847CBFA72C4FEEFE009A0B93 /* ProductService.swift */ = {isa = PBXFileReference; lastKnownFileType = sourcecode.swift; path = ProductService.swift; sourceTree = "<group>"; };
		847CBFA92C4FEFBB009A0B93 /* ProductListViewModel.swift */ = {isa = PBXFileReference; lastKnownFileType = sourcecode.swift; path = ProductListViewModel.swift; sourceTree = "<group>"; };
/* End PBXFileReference section */

/* Begin PBXFrameworksBuildPhase section */
		847CBF542C4FCA7D009A0B93 /* Frameworks */ = {
			isa = PBXFrameworksBuildPhase;
			buildActionMask = 2147483647;
			files = (
			);
			runOnlyForDeploymentPostprocessing = 0;
		};
		847CBF6A2C4FCA81009A0B93 /* Frameworks */ = {
			isa = PBXFrameworksBuildPhase;
			buildActionMask = 2147483647;
			files = (
			);
			runOnlyForDeploymentPostprocessing = 0;
		};
		847CBF742C4FCA81009A0B93 /* Frameworks */ = {
			isa = PBXFrameworksBuildPhase;
			buildActionMask = 2147483647;
			files = (
			);
			runOnlyForDeploymentPostprocessing = 0;
		};
/* End PBXFrameworksBuildPhase section */

/* Begin PBXGroup section */
		847CBF4E2C4FCA7D009A0B93 = {
			isa = PBXGroup;
			children = (
				847CBF592C4FCA7D009A0B93 /* SephoraTest */,
				847CBF702C4FCA81009A0B93 /* SephoraTestTests */,
				847CBF7A2C4FCA81009A0B93 /* SephoraTestUITests */,
				847CBF582C4FCA7D009A0B93 /* Products */,
			);
			sourceTree = "<group>";
		};
		847CBF582C4FCA7D009A0B93 /* Products */ = {
			isa = PBXGroup;
			children = (
				847CBF572C4FCA7D009A0B93 /* SephoraTest.app */,
				847CBF6D2C4FCA81009A0B93 /* SephoraTestTests.xctest */,
				847CBF772C4FCA81009A0B93 /* SephoraTestUITests.xctest */,
			);
			name = Products;
			sourceTree = "<group>";
		};
		847CBF592C4FCA7D009A0B93 /* SephoraTest */ = {
			isa = PBXGroup;
			children = (
				847CBF9B2C4FE613009A0B93 /* Network */,
				847CBF982C4FE497009A0B93 /* ViewModels */,
				847CBF972C4FE48F009A0B93 /* Views */,
				847CBF942C4FE083009A0B93 /* Models */,
				847CBF5A2C4FCA7D009A0B93 /* AppDelegate.swift */,
				847CBF5C2C4FCA7D009A0B93 /* SceneDelegate.swift */,
				847CBF5E2C4FCA7D009A0B93 /* ViewController.swift */,
				847CBF602C4FCA7D009A0B93 /* Main.storyboard */,
				847CBF632C4FCA80009A0B93 /* Assets.xcassets */,
				847CBF652C4FCA80009A0B93 /* LaunchScreen.storyboard */,
				847CBF682C4FCA80009A0B93 /* Info.plist */,
			);
			path = SephoraTest;
			sourceTree = "<group>";
		};
		847CBF702C4FCA81009A0B93 /* SephoraTestTests */ = {
			isa = PBXGroup;
			children = (
				847CBF712C4FCA81009A0B93 /* SephoraTestTests.swift */,
			);
			path = SephoraTestTests;
			sourceTree = "<group>";
		};
		847CBF7A2C4FCA81009A0B93 /* SephoraTestUITests */ = {
			isa = PBXGroup;
			children = (
				847CBF7B2C4FCA81009A0B93 /* SephoraTestUITests.swift */,
				847CBF7D2C4FCA81009A0B93 /* SephoraTestUITestsLaunchTests.swift */,
			);
			path = SephoraTestUITests;
			sourceTree = "<group>";
		};
		847CBF942C4FE083009A0B93 /* Models */ = {
			isa = PBXGroup;
			children = (
				847CBF952C4FE0A9009A0B93 /* Product.swift */,
			);
			path = Models;
			sourceTree = "<group>";
		};
		847CBF972C4FE48F009A0B93 /* Views */ = {
			isa = PBXGroup;
			children = (
				847CBF992C4FE4ED009A0B93 /* ProductListViewController.swift */,
			);
			path = Views;
			sourceTree = "<group>";
		};
		847CBF982C4FE497009A0B93 /* ViewModels */ = {
			isa = PBXGroup;
			children = (
				847CBFA92C4FEFBB009A0B93 /* ProductListViewModel.swift */,
			);
			path = ViewModels;
			sourceTree = "<group>";
		};
		847CBF9B2C4FE613009A0B93 /* Network */ = {
			isa = PBXGroup;
			children = (
				847CBFA62C4FEEE3009A0B93 /* Services */,
				847CBFA32C4FED42009A0B93 /* API */,
				847CBF9E2C4FE8E5009A0B93 /* Endpoint */,
				847CBFA12C4FE945009A0B93 /* APIConstants.swift */,
			);
			path = Network;
			sourceTree = "<group>";
		};
		847CBF9E2C4FE8E5009A0B93 /* Endpoint */ = {
			isa = PBXGroup;
			children = (
				847CBF9C2C4FE646009A0B93 /* Endpoint.swift */,
				847CBF9F2C4FE8FF009A0B93 /* ProductEndpoint.swift */,
			);
			path = Endpoint;
			sourceTree = "<group>";
		};
		847CBFA32C4FED42009A0B93 /* API */ = {
			isa = PBXGroup;
			children = (
				847CBFA42C4FED55009A0B93 /* API.swift */,
			);
			path = API;
			sourceTree = "<group>";
		};
		847CBFA62C4FEEE3009A0B93 /* Services */ = {
			isa = PBXGroup;
			children = (
				847CBFA72C4FEEFE009A0B93 /* ProductService.swift */,
			);
			path = Services;
			sourceTree = "<group>";
		};
/* End PBXGroup section */

/* Begin PBXNativeTarget section */
		847CBF562C4FCA7D009A0B93 /* SephoraTest */ = {
			isa = PBXNativeTarget;
			buildConfigurationList = 847CBF812C4FCA81009A0B93 /* Build configuration list for PBXNativeTarget "SephoraTest" */;
			buildPhases = (
				847CBF532C4FCA7D009A0B93 /* Sources */,
				847CBF542C4FCA7D009A0B93 /* Frameworks */,
				847CBF552C4FCA7D009A0B93 /* Resources */,
			);
			buildRules = (
			);
			dependencies = (
			);
			name = SephoraTest;
			productName = SephoraTest;
			productReference = 847CBF572C4FCA7D009A0B93 /* SephoraTest.app */;
			productType = "com.apple.product-type.application";
		};
		847CBF6C2C4FCA81009A0B93 /* SephoraTestTests */ = {
			isa = PBXNativeTarget;
			buildConfigurationList = 847CBF842C4FCA81009A0B93 /* Build configuration list for PBXNativeTarget "SephoraTestTests" */;
			buildPhases = (
				847CBF692C4FCA81009A0B93 /* Sources */,
				847CBF6A2C4FCA81009A0B93 /* Frameworks */,
				847CBF6B2C4FCA81009A0B93 /* Resources */,
			);
			buildRules = (
			);
			dependencies = (
				847CBF6F2C4FCA81009A0B93 /* PBXTargetDependency */,
			);
			name = SephoraTestTests;
			productName = SephoraTestTests;
			productReference = 847CBF6D2C4FCA81009A0B93 /* SephoraTestTests.xctest */;
			productType = "com.apple.product-type.bundle.unit-test";
		};
		847CBF762C4FCA81009A0B93 /* SephoraTestUITests */ = {
			isa = PBXNativeTarget;
			buildConfigurationList = 847CBF872C4FCA81009A0B93 /* Build configuration list for PBXNativeTarget "SephoraTestUITests" */;
			buildPhases = (
				847CBF732C4FCA81009A0B93 /* Sources */,
				847CBF742C4FCA81009A0B93 /* Frameworks */,
				847CBF752C4FCA81009A0B93 /* Resources */,
			);
			buildRules = (
			);
			dependencies = (
				847CBF792C4FCA81009A0B93 /* PBXTargetDependency */,
			);
			name = SephoraTestUITests;
			productName = SephoraTestUITests;
			productReference = 847CBF772C4FCA81009A0B93 /* SephoraTestUITests.xctest */;
			productType = "com.apple.product-type.bundle.ui-testing";
		};
/* End PBXNativeTarget section */

/* Begin PBXProject section */
		847CBF4F2C4FCA7D009A0B93 /* Project object */ = {
			isa = PBXProject;
			attributes = {
				BuildIndependentTargetsInParallel = 1;
				LastSwiftUpdateCheck = 1540;
				LastUpgradeCheck = 1540;
				TargetAttributes = {
					847CBF562C4FCA7D009A0B93 = {
						CreatedOnToolsVersion = 15.4;
					};
					847CBF6C2C4FCA81009A0B93 = {
						CreatedOnToolsVersion = 15.4;
						TestTargetID = 847CBF562C4FCA7D009A0B93;
					};
					847CBF762C4FCA81009A0B93 = {
						CreatedOnToolsVersion = 15.4;
						TestTargetID = 847CBF562C4FCA7D009A0B93;
					};
				};
			};
			buildConfigurationList = 847CBF522C4FCA7D009A0B93 /* Build configuration list for PBXProject "SephoraTest" */;
			compatibilityVersion = "Xcode 14.0";
			developmentRegion = en;
			hasScannedForEncodings = 0;
			knownRegions = (
				en,
				Base,
			);
			mainGroup = 847CBF4E2C4FCA7D009A0B93;
			productRefGroup = 847CBF582C4FCA7D009A0B93 /* Products */;
			projectDirPath = "";
			projectRoot = "";
			targets = (
				847CBF562C4FCA7D009A0B93 /* SephoraTest */,
				847CBF6C2C4FCA81009A0B93 /* SephoraTestTests */,
				847CBF762C4FCA81009A0B93 /* SephoraTestUITests */,
			);
		};
/* End PBXProject section */

/* Begin PBXResourcesBuildPhase section */
		847CBF552C4FCA7D009A0B93 /* Resources */ = {
			isa = PBXResourcesBuildPhase;
			buildActionMask = 2147483647;
			files = (
				847CBF642C4FCA80009A0B93 /* Assets.xcassets in Resources */,
				847CBF672C4FCA80009A0B93 /* Base in Resources */,
				847CBF622C4FCA7D009A0B93 /* Base in Resources */,
			);
			runOnlyForDeploymentPostprocessing = 0;
		};
		847CBF6B2C4FCA81009A0B93 /* Resources */ = {
			isa = PBXResourcesBuildPhase;
			buildActionMask = 2147483647;
			files = (
			);
			runOnlyForDeploymentPostprocessing = 0;
		};
		847CBF752C4FCA81009A0B93 /* Resources */ = {
			isa = PBXResourcesBuildPhase;
			buildActionMask = 2147483647;
			files = (
			);
			runOnlyForDeploymentPostprocessing = 0;
		};
/* End PBXResourcesBuildPhase section */

/* Begin PBXSourcesBuildPhase section */
		847CBF532C4FCA7D009A0B93 /* Sources */ = {
			isa = PBXSourcesBuildPhase;
			buildActionMask = 2147483647;
			files = (
				847CBFAA2C4FEFBB009A0B93 /* ProductListViewModel.swift in Sources */,
				847CBF5F2C4FCA7D009A0B93 /* ViewController.swift in Sources */,
				847CBF962C4FE0A9009A0B93 /* Product.swift in Sources */,
				847CBFA02C4FE8FF009A0B93 /* ProductEndpoint.swift in Sources */,
				847CBF9A2C4FE4ED009A0B93 /* ProductListViewController.swift in Sources */,
				847CBFA22C4FE945009A0B93 /* APIConstants.swift in Sources */,
				847CBF5B2C4FCA7D009A0B93 /* AppDelegate.swift in Sources */,
				847CBF9D2C4FE646009A0B93 /* Endpoint.swift in Sources */,
				847CBFA52C4FED55009A0B93 /* API.swift in Sources */,
				847CBF5D2C4FCA7D009A0B93 /* SceneDelegate.swift in Sources */,
				847CBFA82C4FEEFE009A0B93 /* ProductService.swift in Sources */,
			);
			runOnlyForDeploymentPostprocessing = 0;
		};
		847CBF692C4FCA81009A0B93 /* Sources */ = {
			isa = PBXSourcesBuildPhase;
			buildActionMask = 2147483647;
			files = (
				847CBF722C4FCA81009A0B93 /* SephoraTestTests.swift in Sources */,
			);
			runOnlyForDeploymentPostprocessing = 0;
		};
		847CBF732C4FCA81009A0B93 /* Sources */ = {
			isa = PBXSourcesBuildPhase;
			buildActionMask = 2147483647;
			files = (
				847CBF7C2C4FCA81009A0B93 /* SephoraTestUITests.swift in Sources */,
				847CBF7E2C4FCA81009A0B93 /* SephoraTestUITestsLaunchTests.swift in Sources */,
			);
			runOnlyForDeploymentPostprocessing = 0;
		};
/* End PBXSourcesBuildPhase section */

/* Begin PBXTargetDependency section */
		847CBF6F2C4FCA81009A0B93 /* PBXTargetDependency */ = {
			isa = PBXTargetDependency;
			target = 847CBF562C4FCA7D009A0B93 /* SephoraTest */;
			targetProxy = 847CBF6E2C4FCA81009A0B93 /* PBXContainerItemProxy */;
		};
		847CBF792C4FCA81009A0B93 /* PBXTargetDependency */ = {
			isa = PBXTargetDependency;
			target = 847CBF562C4FCA7D009A0B93 /* SephoraTest */;
			targetProxy = 847CBF782C4FCA81009A0B93 /* PBXContainerItemProxy */;
		};
/* End PBXTargetDependency section */

/* Begin PBXVariantGroup section */
		847CBF602C4FCA7D009A0B93 /* Main.storyboard */ = {
			isa = PBXVariantGroup;
			children = (
				847CBF612C4FCA7D009A0B93 /* Base */,
			);
			name = Main.storyboard;
			sourceTree = "<group>";
		};
		847CBF652C4FCA80009A0B93 /* LaunchScreen.storyboard */ = {
			isa = PBXVariantGroup;
			children = (
				847CBF662C4FCA80009A0B93 /* Base */,
			);
			name = LaunchScreen.storyboard;
			sourceTree = "<group>";
		};
/* End PBXVariantGroup section */

/* Begin XCBuildConfiguration section */
		847CBF7F2C4FCA81009A0B93 /* Debug */ = {
			isa = XCBuildConfiguration;
			buildSettings = {
				ALWAYS_SEARCH_USER_PATHS = NO;
				ASSETCATALOG_COMPILER_GENERATE_SWIFT_ASSET_SYMBOL_EXTENSIONS = YES;
				CLANG_ANALYZER_NONNULL = YES;
				CLANG_ANALYZER_NUMBER_OBJECT_CONVERSION = YES_AGGRESSIVE;
				CLANG_CXX_LANGUAGE_STANDARD = "gnu++20";
				CLANG_ENABLE_MODULES = YES;
				CLANG_ENABLE_OBJC_ARC = YES;
				CLANG_ENABLE_OBJC_WEAK = YES;
				CLANG_WARN_BLOCK_CAPTURE_AUTORELEASING = YES;
				CLANG_WARN_BOOL_CONVERSION = YES;
				CLANG_WARN_COMMA = YES;
				CLANG_WARN_CONSTANT_CONVERSION = YES;
				CLANG_WARN_DEPRECATED_OBJC_IMPLEMENTATIONS = YES;
				CLANG_WARN_DIRECT_OBJC_ISA_USAGE = YES_ERROR;
				CLANG_WARN_DOCUMENTATION_COMMENTS = YES;
				CLANG_WARN_EMPTY_BODY = YES;
				CLANG_WARN_ENUM_CONVERSION = YES;
				CLANG_WARN_INFINITE_RECURSION = YES;
				CLANG_WARN_INT_CONVERSION = YES;
				CLANG_WARN_NON_LITERAL_NULL_CONVERSION = YES;
				CLANG_WARN_OBJC_IMPLICIT_RETAIN_SELF = YES;
				CLANG_WARN_OBJC_LITERAL_CONVERSION = YES;
				CLANG_WARN_OBJC_ROOT_CLASS = YES_ERROR;
				CLANG_WARN_QUOTED_INCLUDE_IN_FRAMEWORK_HEADER = YES;
				CLANG_WARN_RANGE_LOOP_ANALYSIS = YES;
				CLANG_WARN_STRICT_PROTOTYPES = YES;
				CLANG_WARN_SUSPICIOUS_MOVE = YES;
				CLANG_WARN_UNGUARDED_AVAILABILITY = YES_AGGRESSIVE;
				CLANG_WARN_UNREACHABLE_CODE = YES;
				CLANG_WARN__DUPLICATE_METHOD_MATCH = YES;
				COPY_PHASE_STRIP = NO;
				DEBUG_INFORMATION_FORMAT = dwarf;
				ENABLE_STRICT_OBJC_MSGSEND = YES;
				ENABLE_TESTABILITY = YES;
				ENABLE_USER_SCRIPT_SANDBOXING = YES;
				GCC_C_LANGUAGE_STANDARD = gnu17;
				GCC_DYNAMIC_NO_PIC = NO;
				GCC_NO_COMMON_BLOCKS = YES;
				GCC_OPTIMIZATION_LEVEL = 0;
				GCC_PREPROCESSOR_DEFINITIONS = (
					"DEBUG=1",
					"$(inherited)",
				);
				GCC_WARN_64_TO_32_BIT_CONVERSION = YES;
				GCC_WARN_ABOUT_RETURN_TYPE = YES_ERROR;
				GCC_WARN_UNDECLARED_SELECTOR = YES;
				GCC_WARN_UNINITIALIZED_AUTOS = YES_AGGRESSIVE;
				GCC_WARN_UNUSED_FUNCTION = YES;
				GCC_WARN_UNUSED_VARIABLE = YES;
				IPHONEOS_DEPLOYMENT_TARGET = 17.5;
				LOCALIZATION_PREFERS_STRING_CATALOGS = YES;
				MTL_ENABLE_DEBUG_INFO = INCLUDE_SOURCE;
				MTL_FAST_MATH = YES;
				ONLY_ACTIVE_ARCH = YES;
				SDKROOT = iphoneos;
				SWIFT_ACTIVE_COMPILATION_CONDITIONS = "DEBUG $(inherited)";
				SWIFT_OPTIMIZATION_LEVEL = "-Onone";
			};
			name = Debug;
		};
		847CBF802C4FCA81009A0B93 /* Release */ = {
			isa = XCBuildConfiguration;
			buildSettings = {
				ALWAYS_SEARCH_USER_PATHS = NO;
				ASSETCATALOG_COMPILER_GENERATE_SWIFT_ASSET_SYMBOL_EXTENSIONS = YES;
				CLANG_ANALYZER_NONNULL = YES;
				CLANG_ANALYZER_NUMBER_OBJECT_CONVERSION = YES_AGGRESSIVE;
				CLANG_CXX_LANGUAGE_STANDARD = "gnu++20";
				CLANG_ENABLE_MODULES = YES;
				CLANG_ENABLE_OBJC_ARC = YES;
				CLANG_ENABLE_OBJC_WEAK = YES;
				CLANG_WARN_BLOCK_CAPTURE_AUTORELEASING = YES;
				CLANG_WARN_BOOL_CONVERSION = YES;
				CLANG_WARN_COMMA = YES;
				CLANG_WARN_CONSTANT_CONVERSION = YES;
				CLANG_WARN_DEPRECATED_OBJC_IMPLEMENTATIONS = YES;
				CLANG_WARN_DIRECT_OBJC_ISA_USAGE = YES_ERROR;
				CLANG_WARN_DOCUMENTATION_COMMENTS = YES;
				CLANG_WARN_EMPTY_BODY = YES;
				CLANG_WARN_ENUM_CONVERSION = YES;
				CLANG_WARN_INFINITE_RECURSION = YES;
				CLANG_WARN_INT_CONVERSION = YES;
				CLANG_WARN_NON_LITERAL_NULL_CONVERSION = YES;
				CLANG_WARN_OBJC_IMPLICIT_RETAIN_SELF = YES;
				CLANG_WARN_OBJC_LITERAL_CONVERSION = YES;
				CLANG_WARN_OBJC_ROOT_CLASS = YES_ERROR;
				CLANG_WARN_QUOTED_INCLUDE_IN_FRAMEWORK_HEADER = YES;
				CLANG_WARN_RANGE_LOOP_ANALYSIS = YES;
				CLANG_WARN_STRICT_PROTOTYPES = YES;
				CLANG_WARN_SUSPICIOUS_MOVE = YES;
				CLANG_WARN_UNGUARDED_AVAILABILITY = YES_AGGRESSIVE;
				CLANG_WARN_UNREACHABLE_CODE = YES;
				CLANG_WARN__DUPLICATE_METHOD_MATCH = YES;
				COPY_PHASE_STRIP = NO;
				DEBUG_INFORMATION_FORMAT = "dwarf-with-dsym";
				ENABLE_NS_ASSERTIONS = NO;
				ENABLE_STRICT_OBJC_MSGSEND = YES;
				ENABLE_USER_SCRIPT_SANDBOXING = YES;
				GCC_C_LANGUAGE_STANDARD = gnu17;
				GCC_NO_COMMON_BLOCKS = YES;
				GCC_WARN_64_TO_32_BIT_CONVERSION = YES;
				GCC_WARN_ABOUT_RETURN_TYPE = YES_ERROR;
				GCC_WARN_UNDECLARED_SELECTOR = YES;
				GCC_WARN_UNINITIALIZED_AUTOS = YES_AGGRESSIVE;
				GCC_WARN_UNUSED_FUNCTION = YES;
				GCC_WARN_UNUSED_VARIABLE = YES;
				IPHONEOS_DEPLOYMENT_TARGET = 17.5;
				LOCALIZATION_PREFERS_STRING_CATALOGS = YES;
				MTL_ENABLE_DEBUG_INFO = NO;
				MTL_FAST_MATH = YES;
				SDKROOT = iphoneos;
				SWIFT_COMPILATION_MODE = wholemodule;
				VALIDATE_PRODUCT = YES;
			};
			name = Release;
		};
		847CBF822C4FCA81009A0B93 /* Debug */ = {
			isa = XCBuildConfiguration;
			buildSettings = {
				ASSETCATALOG_COMPILER_APPICON_NAME = AppIcon;
				ASSETCATALOG_COMPILER_GLOBAL_ACCENT_COLOR_NAME = AccentColor;
				CODE_SIGN_STYLE = Automatic;
				CURRENT_PROJECT_VERSION = 1;
				GENERATE_INFOPLIST_FILE = YES;
				INFOPLIST_FILE = SephoraTest/Info.plist;
				INFOPLIST_KEY_UIApplicationSupportsIndirectInputEvents = YES;
				INFOPLIST_KEY_UILaunchStoryboardName = LaunchScreen;
				INFOPLIST_KEY_UIMainStoryboardFile = Main;
				INFOPLIST_KEY_UISupportedInterfaceOrientations_iPad = "UIInterfaceOrientationPortrait UIInterfaceOrientationPortraitUpsideDown UIInterfaceOrientationLandscapeLeft UIInterfaceOrientationLandscapeRight";
				INFOPLIST_KEY_UISupportedInterfaceOrientations_iPhone = "UIInterfaceOrientationPortrait UIInterfaceOrientationLandscapeLeft UIInterfaceOrientationLandscapeRight";
				LD_RUNPATH_SEARCH_PATHS = (
					"$(inherited)",
					"@executable_path/Frameworks",
				);
				MARKETING_VERSION = 1.0;
				PRODUCT_BUNDLE_IDENTIFIER = com.fakhro.SephoraTest;
				PRODUCT_NAME = "$(TARGET_NAME)";
				SWIFT_EMIT_LOC_STRINGS = YES;
				SWIFT_VERSION = 5.0;
				TARGETED_DEVICE_FAMILY = "1,2";
			};
			name = Debug;
		};
		847CBF832C4FCA81009A0B93 /* Release */ = {
			isa = XCBuildConfiguration;
			buildSettings = {
				ASSETCATALOG_COMPILER_APPICON_NAME = AppIcon;
				ASSETCATALOG_COMPILER_GLOBAL_ACCENT_COLOR_NAME = AccentColor;
				CODE_SIGN_STYLE = Automatic;
				CURRENT_PROJECT_VERSION = 1;
				GENERATE_INFOPLIST_FILE = YES;
				INFOPLIST_FILE = SephoraTest/Info.plist;
				INFOPLIST_KEY_UIApplicationSupportsIndirectInputEvents = YES;
				INFOPLIST_KEY_UILaunchStoryboardName = LaunchScreen;
				INFOPLIST_KEY_UIMainStoryboardFile = Main;
				INFOPLIST_KEY_UISupportedInterfaceOrientations_iPad = "UIInterfaceOrientationPortrait UIInterfaceOrientationPortraitUpsideDown UIInterfaceOrientationLandscapeLeft UIInterfaceOrientationLandscapeRight";
				INFOPLIST_KEY_UISupportedInterfaceOrientations_iPhone = "UIInterfaceOrientationPortrait UIInterfaceOrientationLandscapeLeft UIInterfaceOrientationLandscapeRight";
				LD_RUNPATH_SEARCH_PATHS = (
					"$(inherited)",
					"@executable_path/Frameworks",
				);
				MARKETING_VERSION = 1.0;
				PRODUCT_BUNDLE_IDENTIFIER = com.fakhro.SephoraTest;
				PRODUCT_NAME = "$(TARGET_NAME)";
				SWIFT_EMIT_LOC_STRINGS = YES;
				SWIFT_VERSION = 5.0;
				TARGETED_DEVICE_FAMILY = "1,2";
			};
			name = Release;
		};
		847CBF852C4FCA81009A0B93 /* Debug */ = {
			isa = XCBuildConfiguration;
			buildSettings = {
				ALWAYS_EMBED_SWIFT_STANDARD_LIBRARIES = YES;
				BUNDLE_LOADER = "$(TEST_HOST)";
				CODE_SIGN_STYLE = Automatic;
				CURRENT_PROJECT_VERSION = 1;
				GENERATE_INFOPLIST_FILE = YES;
				IPHONEOS_DEPLOYMENT_TARGET = 17.5;
				MARKETING_VERSION = 1.0;
				PRODUCT_BUNDLE_IDENTIFIER = com.fakhro.SephoraTestTests;
				PRODUCT_NAME = "$(TARGET_NAME)";
				SWIFT_EMIT_LOC_STRINGS = NO;
				SWIFT_VERSION = 5.0;
				TARGETED_DEVICE_FAMILY = "1,2";
				TEST_HOST = "$(BUILT_PRODUCTS_DIR)/SephoraTest.app/$(BUNDLE_EXECUTABLE_FOLDER_PATH)/SephoraTest";
			};
			name = Debug;
		};
		847CBF862C4FCA81009A0B93 /* Release */ = {
			isa = XCBuildConfiguration;
			buildSettings = {
				ALWAYS_EMBED_SWIFT_STANDARD_LIBRARIES = YES;
				BUNDLE_LOADER = "$(TEST_HOST)";
				CODE_SIGN_STYLE = Automatic;
				CURRENT_PROJECT_VERSION = 1;
				GENERATE_INFOPLIST_FILE = YES;
				IPHONEOS_DEPLOYMENT_TARGET = 17.5;
				MARKETING_VERSION = 1.0;
				PRODUCT_BUNDLE_IDENTIFIER = com.fakhro.SephoraTestTests;
				PRODUCT_NAME = "$(TARGET_NAME)";
				SWIFT_EMIT_LOC_STRINGS = NO;
				SWIFT_VERSION = 5.0;
				TARGETED_DEVICE_FAMILY = "1,2";
				TEST_HOST = "$(BUILT_PRODUCTS_DIR)/SephoraTest.app/$(BUNDLE_EXECUTABLE_FOLDER_PATH)/SephoraTest";
			};
			name = Release;
		};
		847CBF882C4FCA81009A0B93 /* Debug */ = {
			isa = XCBuildConfiguration;
			buildSettings = {
				ALWAYS_EMBED_SWIFT_STANDARD_LIBRARIES = YES;
				CODE_SIGN_STYLE = Automatic;
				CURRENT_PROJECT_VERSION = 1;
				GENERATE_INFOPLIST_FILE = YES;
				MARKETING_VERSION = 1.0;
				PRODUCT_BUNDLE_IDENTIFIER = com.fakhro.SephoraTestUITests;
				PRODUCT_NAME = "$(TARGET_NAME)";
				SWIFT_EMIT_LOC_STRINGS = NO;
				SWIFT_VERSION = 5.0;
				TARGETED_DEVICE_FAMILY = "1,2";
				TEST_TARGET_NAME = SephoraTest;
			};
			name = Debug;
		};
		847CBF892C4FCA81009A0B93 /* Release */ = {
			isa = XCBuildConfiguration;
			buildSettings = {
				ALWAYS_EMBED_SWIFT_STANDARD_LIBRARIES = YES;
				CODE_SIGN_STYLE = Automatic;
				CURRENT_PROJECT_VERSION = 1;
				GENERATE_INFOPLIST_FILE = YES;
				MARKETING_VERSION = 1.0;
				PRODUCT_BUNDLE_IDENTIFIER = com.fakhro.SephoraTestUITests;
				PRODUCT_NAME = "$(TARGET_NAME)";
				SWIFT_EMIT_LOC_STRINGS = NO;
				SWIFT_VERSION = 5.0;
				TARGETED_DEVICE_FAMILY = "1,2";
				TEST_TARGET_NAME = SephoraTest;
			};
			name = Release;
		};
/* End XCBuildConfiguration section */

/* Begin XCConfigurationList section */
		847CBF522C4FCA7D009A0B93 /* Build configuration list for PBXProject "SephoraTest" */ = {
			isa = XCConfigurationList;
			buildConfigurations = (
				847CBF7F2C4FCA81009A0B93 /* Debug */,
				847CBF802C4FCA81009A0B93 /* Release */,
			);
			defaultConfigurationIsVisible = 0;
			defaultConfigurationName = Release;
		};
		847CBF812C4FCA81009A0B93 /* Build configuration list for PBXNativeTarget "SephoraTest" */ = {
			isa = XCConfigurationList;
			buildConfigurations = (
				847CBF822C4FCA81009A0B93 /* Debug */,
				847CBF832C4FCA81009A0B93 /* Release */,
			);
			defaultConfigurationIsVisible = 0;
			defaultConfigurationName = Release;
		};
		847CBF842C4FCA81009A0B93 /* Build configuration list for PBXNativeTarget "SephoraTestTests" */ = {
			isa = XCConfigurationList;
			buildConfigurations = (
				847CBF852C4FCA81009A0B93 /* Debug */,
				847CBF862C4FCA81009A0B93 /* Release */,
			);
			defaultConfigurationIsVisible = 0;
			defaultConfigurationName = Release;
		};
		847CBF872C4FCA81009A0B93 /* Build configuration list for PBXNativeTarget "SephoraTestUITests" */ = {
			isa = XCConfigurationList;
			buildConfigurations = (
				847CBF882C4FCA81009A0B93 /* Debug */,
				847CBF892C4FCA81009A0B93 /* Release */,
			);
			defaultConfigurationIsVisible = 0;
			defaultConfigurationName = Release;
		};
/* End XCConfigurationList section */
	};
	rootObject = 847CBF4F2C4FCA7D009A0B93 /* Project object */;
}
